
Microsoft Visual Studio Solution File, Format Version 12.00
# Visual Studio Version 17
VisualStudioVersion = 17.5.002.0
MinimumVisualStudioVersion = 10.0.40219.1
Project("{9A19103F-16F7-4668-BE54-9A1E7A4F7556}") = "com769", "com769.csproj", "{F1DD0F3A-96C8-4CDC-94DB-A4B8AA33D831}"
EndProject
Global
	GlobalSection(SolutionConfigurationPlatforms) = preSolution
		Debug|Any CPU = Debug|Any CPU
		Release|Any CPU = Release|Any CPU
	EndGlobalSection
	GlobalSection(ProjectConfigurationPlatforms) = postSolution
		{F1DD0F3A-96C8-4CDC-94DB-A4B8AA33D831}.Debug|Any CPU.ActiveCfg = Debug|Any CPU
		{F1DD0F3A-96C8-4CDC-94DB-A4B8AA33D831}.Debug|Any CPU.Build.0 = Debug|Any CPU
		{F1DD0F3A-96C8-4CDC-94DB-A4B8AA33D831}.Release|Any CPU.ActiveCfg = Release|Any CPU
		{F1DD0F3A-96C8-4CDC-94DB-A4B8AA33D831}.Release|Any CPU.Build.0 = Release|Any CPU
	EndGlobalSection
	GlobalSection(SolutionProperties) = preSolution
		HideSolutionNode = FALSE
	EndGlobalSection
	GlobalSection(ExtensibilityGlobals) = postSolution
		SolutionGuid = {75B281FE-996E-4A84-9A69-43B0C798A215}
	EndGlobalSection
EndGlobal
